
Microsoft Visual Studio Solution File, Format Version 12.00
# Visual Studio Version 16
VisualStudioVersion = 16.0.30611.23
MinimumVisualStudioVersion = 10.0.40219.1
Project("{FAE04EC0-301F-11D3-BF4B-00C04F79EFBC}") = "1714CRajekex2f", "1714CRajekex2f.csproj", "{1259567B-5348-4249-B5B2-37FA28AB4F5B}"
EndProject
Project("{2150E333-8FDC-42A3-9474-1A3956D46DE8}") = "Solution Items", "Solution Items", "{BF8157B5-98CE-4224-BBE5-D18F7EAA157A}"
	ProjectSection(SolutionItems) = preProject
		.gitattributes = .gitattributes
		.gitignore = .gitignore
	EndProjectSection
EndProject
Global
	GlobalSection(SolutionConfigurationPlatforms) = preSolution
		Debug|Any CPU = Debug|Any CPU
		Release|Any CPU = Release|Any CPU
	EndGlobalSection
	GlobalSection(ProjectConfigurationPlatforms) = postSolution
		{1259567B-5348-4249-B5B2-37FA28AB4F5B}.Debug|Any CPU.ActiveCfg = Debug|Any CPU
		{1259567B-5348-4249-B5B2-37FA28AB4F5B}.Debug|Any CPU.Build.0 = Debug|Any CPU
		{1259567B-5348-4249-B5B2-37FA28AB4F5B}.Release|Any CPU.ActiveCfg = Release|Any CPU
		{1259567B-5348-4249-B5B2-37FA28AB4F5B}.Release|Any CPU.Build.0 = Release|Any CPU
	EndGlobalSection
	GlobalSection(SolutionProperties) = preSolution
		HideSolutionNode = FALSE
	EndGlobalSection
	GlobalSection(ExtensibilityGlobals) = postSolution
		SolutionGuid = {836876D9-B026-49AF-80E8-917D3867AE96}
	EndGlobalSection
EndGlobal
